
Microsoft Visual Studio Solution File, Format Version 12.00
# Visual Studio 14
VisualStudioVersion = 14.0.25420.1
MinimumVisualStudioVersion = 10.0.40219.1
Project("{FAE04EC0-301F-11D3-BF4B-00C04F79EFBC}") = "FoodLog", "FoodLog\FoodLog.csproj", "{DBAAF534-ECD9-4632-9C24-28CB68DFECA6}"
EndProject
Global
	GlobalSection(SolutionConfigurationPlatforms) = preSolution
		Debug|Any CPU = Debug|Any CPU
		Release|Any CPU = Release|Any CPU
	EndGlobalSection
	GlobalSection(ProjectConfigurationPlatforms) = postSolution
		{DBAAF534-ECD9-4632-9C24-28CB68DFECA6}.Debug|Any CPU.ActiveCfg = Debug|Any CPU
		{DBAAF534-ECD9-4632-9C24-28CB68DFECA6}.Debug|Any CPU.Build.0 = Debug|Any CPU
		{DBAAF534-ECD9-4632-9C24-28CB68DFECA6}.Release|Any CPU.ActiveCfg = Release|Any CPU
		{DBAAF534-ECD9-4632-9C24-28CB68DFECA6}.Release|Any CPU.Build.0 = Release|Any CPU
	EndGlobalSection
	GlobalSection(SolutionProperties) = preSolution
		HideSolutionNode = FALSE
	EndGlobalSection
EndGlobal
